// !$*UTF8*$!
{
	archiveVersion = 1;
	classes = {
	};
	objectVersion = 50;
	objects = {

/* Begin PBXBuildFile section */
		D05B7C3926F0C57F00A43814 /* Message+CoreDataClass.swift in Sources */ = {isa = PBXBuildFile; fileRef = D05B7C3526F0C57F00A43814 /* Message+CoreDataClass.swift */; };
		D05B7C3A26F0C57F00A43814 /* Message+CoreDataProperties.swift in Sources */ = {isa = PBXBuildFile; fileRef = D05B7C3626F0C57F00A43814 /* Message+CoreDataProperties.swift */; };
		D05B7C3B26F0C57F00A43814 /* Friend+CoreDataClass.swift in Sources */ = {isa = PBXBuildFile; fileRef = D05B7C3726F0C57F00A43814 /* Friend+CoreDataClass.swift */; };
		D05B7C3C26F0C57F00A43814 /* Friend+CoreDataProperties.swift in Sources */ = {isa = PBXBuildFile; fileRef = D05B7C3826F0C57F00A43814 /* Friend+CoreDataProperties.swift */; };
		D05B7C3E26F0DB7F00A43814 /* UIViewController+Ext.swift in Sources */ = {isa = PBXBuildFile; fileRef = D05B7C3D26F0DB7F00A43814 /* UIViewController+Ext.swift */; };
		D0C7FA5126EFAEC800F021D5 /* TabBarController.swift in Sources */ = {isa = PBXBuildFile; fileRef = D0C7FA5026EFAEC800F021D5 /* TabBarController.swift */; };
		D0C7FA5326EFAF5F00F021D5 /* ContactViewController.swift in Sources */ = {isa = PBXBuildFile; fileRef = D0C7FA5226EFAF5F00F021D5 /* ContactViewController.swift */; };
		D0C7FA5526EFAF6A00F021D5 /* DiscoveryViewController.swift in Sources */ = {isa = PBXBuildFile; fileRef = D0C7FA5426EFAF6A00F021D5 /* DiscoveryViewController.swift */; };
		D0C7FA5726EFAF7700F021D5 /* MeViewController.swift in Sources */ = {isa = PBXBuildFile; fileRef = D0C7FA5626EFAF7700F021D5 /* MeViewController.swift */; };
		D0C7FA5D26EFB95600F021D5 /* UIColor+Ext.swift in Sources */ = {isa = PBXBuildFile; fileRef = D0C7FA5C26EFB95600F021D5 /* UIColor+Ext.swift */; };
		D0C7FA6026F03D8A00F021D5 /* Message.swift in Sources */ = {isa = PBXBuildFile; fileRef = D0C7FA5F26F03D8A00F021D5 /* Message.swift */; };
		D0C7FA6326F03E7A00F021D5 /* ImageWrapper.swift in Sources */ = {isa = PBXBuildFile; fileRef = D0C7FA6226F03E7A00F021D5 /* ImageWrapper.swift */; };
		D0C7FA6526F03E9900F021D5 /* StorageError.swift in Sources */ = {isa = PBXBuildFile; fileRef = D0C7FA6426F03E9900F021D5 /* StorageError.swift */; };
		D0C7FA6726F03EE900F021D5 /* UIImage+Ext.swift in Sources */ = {isa = PBXBuildFile; fileRef = D0C7FA6626F03EE900F021D5 /* UIImage+Ext.swift */; };
		D0C7FA6A26F0431400F021D5 /* MessageTableViewCell.swift in Sources */ = {isa = PBXBuildFile; fileRef = D0C7FA6926F0431400F021D5 /* MessageTableViewCell.swift */; };
		D0C7FA6D26F08D6100F021D5 /* CoreDataStack.swift in Sources */ = {isa = PBXBuildFile; fileRef = D0C7FA6C26F08D6100F021D5 /* CoreDataStack.swift */; };
		D0C7FA6F26F08DAD00F021D5 /* CoreDataManager.swift in Sources */ = {isa = PBXBuildFile; fileRef = D0C7FA6E26F08DAD00F021D5 /* CoreDataManager.swift */; };
		D0C7FA7226F0910600F021D5 /* WeChat_Clone.xcdatamodeld in Sources */ = {isa = PBXBuildFile; fileRef = D0C7FA7026F0910600F021D5 /* WeChat_Clone.xcdatamodeld */; };
		D0D8E80D26EFA9B7007DF995 /* AppDelegate.swift in Sources */ = {isa = PBXBuildFile; fileRef = D0D8E80C26EFA9B7007DF995 /* AppDelegate.swift */; };
		D0D8E80F26EFA9B7007DF995 /* SceneDelegate.swift in Sources */ = {isa = PBXBuildFile; fileRef = D0D8E80E26EFA9B7007DF995 /* SceneDelegate.swift */; };
		D0D8E81126EFA9B7007DF995 /* MessageViewController.swift in Sources */ = {isa = PBXBuildFile; fileRef = D0D8E81026EFA9B7007DF995 /* MessageViewController.swift */; };
		D0D8E81626EFA9B8007DF995 /* Assets.xcassets in Resources */ = {isa = PBXBuildFile; fileRef = D0D8E81526EFA9B8007DF995 /* Assets.xcassets */; };
		D0D8E81926EFA9B8007DF995 /* LaunchScreen.storyboard in Resources */ = {isa = PBXBuildFile; fileRef = D0D8E81726EFA9B8007DF995 /* LaunchScreen.storyboard */; };
/* End PBXBuildFile section */

/* Begin PBXFileReference section */
		D05B7C3526F0C57F00A43814 /* Message+CoreDataClass.swift */ = {isa = PBXFileReference; lastKnownFileType = sourcecode.swift; path = "Message+CoreDataClass.swift"; sourceTree = "<group>"; };
		D05B7C3626F0C57F00A43814 /* Message+CoreDataProperties.swift */ = {isa = PBXFileReference; lastKnownFileType = sourcecode.swift; path = "Message+CoreDataProperties.swift"; sourceTree = "<group>"; };
		D05B7C3726F0C57F00A43814 /* Friend+CoreDataClass.swift */ = {isa = PBXFileReference; lastKnownFileType = sourcecode.swift; path = "Friend+CoreDataClass.swift"; sourceTree = "<group>"; };
		D05B7C3826F0C57F00A43814 /* Friend+CoreDataProperties.swift */ = {isa = PBXFileReference; lastKnownFileType = sourcecode.swift; path = "Friend+CoreDataProperties.swift"; sourceTree = "<group>"; };
		D05B7C3D26F0DB7F00A43814 /* UIViewController+Ext.swift */ = {isa = PBXFileReference; lastKnownFileType = sourcecode.swift; path = "UIViewController+Ext.swift"; sourceTree = "<group>"; };
		D0C7FA5026EFAEC800F021D5 /* TabBarController.swift */ = {isa = PBXFileReference; lastKnownFileType = sourcecode.swift; path = TabBarController.swift; sourceTree = "<group>"; };
		D0C7FA5226EFAF5F00F021D5 /* ContactViewController.swift */ = {isa = PBXFileReference; lastKnownFileType = sourcecode.swift; path = ContactViewController.swift; sourceTree = "<group>"; };
		D0C7FA5426EFAF6A00F021D5 /* DiscoveryViewController.swift */ = {isa = PBXFileReference; lastKnownFileType = sourcecode.swift; path = DiscoveryViewController.swift; sourceTree = "<group>"; };
		D0C7FA5626EFAF7700F021D5 /* MeViewController.swift */ = {isa = PBXFileReference; lastKnownFileType = sourcecode.swift; path = MeViewController.swift; sourceTree = "<group>"; };
		D0C7FA5C26EFB95600F021D5 /* UIColor+Ext.swift */ = {isa = PBXFileReference; lastKnownFileType = sourcecode.swift; path = "UIColor+Ext.swift"; sourceTree = "<group>"; };
		D0C7FA5F26F03D8A00F021D5 /* Message.swift */ = {isa = PBXFileReference; lastKnownFileType = sourcecode.swift; path = Message.swift; sourceTree = "<group>"; };
		D0C7FA6226F03E7A00F021D5 /* ImageWrapper.swift */ = {isa = PBXFileReference; lastKnownFileType = sourcecode.swift; path = ImageWrapper.swift; sourceTree = "<group>"; };
		D0C7FA6426F03E9900F021D5 /* StorageError.swift */ = {isa = PBXFileReference; lastKnownFileType = sourcecode.swift; path = StorageError.swift; sourceTree = "<group>"; };
		D0C7FA6626F03EE900F021D5 /* UIImage+Ext.swift */ = {isa = PBXFileReference; lastKnownFileType = sourcecode.swift; path = "UIImage+Ext.swift"; sourceTree = "<group>"; };
		D0C7FA6926F0431400F021D5 /* MessageTableViewCell.swift */ = {isa = PBXFileReference; lastKnownFileType = sourcecode.swift; path = MessageTableViewCell.swift; sourceTree = "<group>"; };
		D0C7FA6C26F08D6100F021D5 /* CoreDataStack.swift */ = {isa = PBXFileReference; lastKnownFileType = sourcecode.swift; path = CoreDataStack.swift; sourceTree = "<group>"; };
		D0C7FA6E26F08DAD00F021D5 /* CoreDataManager.swift */ = {isa = PBXFileReference; lastKnownFileType = sourcecode.swift; path = CoreDataManager.swift; sourceTree = "<group>"; };
		D0C7FA7126F0910600F021D5 /* WeChat_Clone.xcdatamodel */ = {isa = PBXFileReference; lastKnownFileType = wrapper.xcdatamodel; path = WeChat_Clone.xcdatamodel; sourceTree = "<group>"; };
		D0C7FA7F26F0BC4F00F021D5 /* Message+CoreDataProperties.swift */ = {isa = PBXFileReference; lastKnownFileType = sourcecode.swift; path = "Message+CoreDataProperties.swift"; sourceTree = "<group>"; };
		D0D8E80926EFA9B7007DF995 /* WeChat Clone.app */ = {isa = PBXFileReference; explicitFileType = wrapper.application; includeInIndex = 0; path = "WeChat Clone.app"; sourceTree = BUILT_PRODUCTS_DIR; };
		D0D8E80C26EFA9B7007DF995 /* AppDelegate.swift */ = {isa = PBXFileReference; lastKnownFileType = sourcecode.swift; path = AppDelegate.swift; sourceTree = "<group>"; };
		D0D8E80E26EFA9B7007DF995 /* SceneDelegate.swift */ = {isa = PBXFileReference; lastKnownFileType = sourcecode.swift; path = SceneDelegate.swift; sourceTree = "<group>"; };
		D0D8E81026EFA9B7007DF995 /* MessageViewController.swift */ = {isa = PBXFileReference; lastKnownFileType = sourcecode.swift; path = MessageViewController.swift; sourceTree = "<group>"; };
		D0D8E81526EFA9B8007DF995 /* Assets.xcassets */ = {isa = PBXFileReference; lastKnownFileType = folder.assetcatalog; path = Assets.xcassets; sourceTree = "<group>"; };
		D0D8E81826EFA9B8007DF995 /* Base */ = {isa = PBXFileReference; lastKnownFileType = file.storyboard; name = Base; path = Base.lproj/LaunchScreen.storyboard; sourceTree = "<group>"; };
		D0D8E81A26EFA9B8007DF995 /* Info.plist */ = {isa = PBXFileReference; lastKnownFileType = text.plist.xml; path = Info.plist; sourceTree = "<group>"; };
/* End PBXFileReference section */

/* Begin PBXFrameworksBuildPhase section */
		D0D8E80626EFA9B7007DF995 /* Frameworks */ = {
			isa = PBXFrameworksBuildPhase;
			buildActionMask = 2147483647;
			files = (
			);
			runOnlyForDeploymentPostprocessing = 0;
		};
/* End PBXFrameworksBuildPhase section */

/* Begin PBXGroup section */
		D0BECF9B26F0C21200A73F00 /* Recovered References */ = {
			isa = PBXGroup;
			children = (
				D0C7FA7F26F0BC4F00F021D5 /* Message+CoreDataProperties.swift */,
			);
			name = "Recovered References";
			sourceTree = "<group>";
		};
		D0C7FA4E26EFADBF00F021D5 /* Controllers */ = {
			isa = PBXGroup;
			children = (
				D0C7FA5026EFAEC800F021D5 /* TabBarController.swift */,
				D0D8E81026EFA9B7007DF995 /* MessageViewController.swift */,
				D0C7FA5226EFAF5F00F021D5 /* ContactViewController.swift */,
				D0C7FA5426EFAF6A00F021D5 /* DiscoveryViewController.swift */,
				D0C7FA5626EFAF7700F021D5 /* MeViewController.swift */,
			);
			path = Controllers;
			sourceTree = "<group>";
		};
		D0C7FA4F26EFAE7000F021D5 /* Supporting files */ = {
			isa = PBXGroup;
			children = (
				D0D8E81A26EFA9B8007DF995 /* Info.plist */,
			);
			path = "Supporting files";
			sourceTree = "<group>";
		};
		D0C7FA5826EFB90100F021D5 /* Helpers */ = {
			isa = PBXGroup;
			children = (
				D0C7FA6126F03E6200F021D5 /* Library */,
				D0C7FA5B26EFB92A00F021D5 /* Extensions */,
			);
			path = Helpers;
			sourceTree = "<group>";
		};
		D0C7FA5B26EFB92A00F021D5 /* Extensions */ = {
			isa = PBXGroup;
			children = (
				D0C7FA5C26EFB95600F021D5 /* UIColor+Ext.swift */,
				D0C7FA6626F03EE900F021D5 /* UIImage+Ext.swift */,
				D05B7C3D26F0DB7F00A43814 /* UIViewController+Ext.swift */,
			);
			path = Extensions;
			sourceTree = "<group>";
		};
		D0C7FA5E26F03D5E00F021D5 /* Model */ = {
			isa = PBXGroup;
			children = (
				D0C7FA5F26F03D8A00F021D5 /* Message.swift */,
			);
			path = Model;
			sourceTree = "<group>";
		};
		D0C7FA6126F03E6200F021D5 /* Library */ = {
			isa = PBXGroup;
			children = (
				D0C7FA6226F03E7A00F021D5 /* ImageWrapper.swift */,
				D0C7FA6426F03E9900F021D5 /* StorageError.swift */,
			);
			path = Library;
			sourceTree = "<group>";
		};
		D0C7FA6826F042F100F021D5 /* Views */ = {
			isa = PBXGroup;
			children = (
				D0C7FA6926F0431400F021D5 /* MessageTableViewCell.swift */,
			);
			path = Views;
			sourceTree = "<group>";
		};
		D0C7FA6B26F08D5200F021D5 /* CoreData */ = {
			isa = PBXGroup;
			children = (
				D05B7C3526F0C57F00A43814 /* Message+CoreDataClass.swift */,
				D05B7C3626F0C57F00A43814 /* Message+CoreDataProperties.swift */,
				D05B7C3726F0C57F00A43814 /* Friend+CoreDataClass.swift */,
				D05B7C3826F0C57F00A43814 /* Friend+CoreDataProperties.swift */,
				D0C7FA6C26F08D6100F021D5 /* CoreDataStack.swift */,
				D0C7FA6E26F08DAD00F021D5 /* CoreDataManager.swift */,
			);
			path = CoreData;
			sourceTree = "<group>";
		};
		D0D8E80026EFA9B7007DF995 = {
			isa = PBXGroup;
			children = (
				D0D8E80B26EFA9B7007DF995 /* WeChat Clone */,
				D0D8E80A26EFA9B7007DF995 /* Products */,
				D0BECF9B26F0C21200A73F00 /* Recovered References */,
			);
			sourceTree = "<group>";
		};
		D0D8E80A26EFA9B7007DF995 /* Products */ = {
			isa = PBXGroup;
			children = (
				D0D8E80926EFA9B7007DF995 /* WeChat Clone.app */,
			);
			name = Products;
			sourceTree = "<group>";
		};
		D0D8E80B26EFA9B7007DF995 /* WeChat Clone */ = {
			isa = PBXGroup;
			children = (
				D0C7FA6B26F08D5200F021D5 /* CoreData */,
				D0C7FA6826F042F100F021D5 /* Views */,
				D0C7FA5E26F03D5E00F021D5 /* Model */,
				D0C7FA5826EFB90100F021D5 /* Helpers */,
				D0C7FA4E26EFADBF00F021D5 /* Controllers */,
				D0D8E80C26EFA9B7007DF995 /* AppDelegate.swift */,
				D0D8E80E26EFA9B7007DF995 /* SceneDelegate.swift */,
				D0D8E81526EFA9B8007DF995 /* Assets.xcassets */,
				D0D8E81726EFA9B8007DF995 /* LaunchScreen.storyboard */,
				D0C7FA7026F0910600F021D5 /* WeChat_Clone.xcdatamodeld */,
				D0C7FA4F26EFAE7000F021D5 /* Supporting files */,
			);
			path = "WeChat Clone";
			sourceTree = "<group>";
		};
/* End PBXGroup section */

/* Begin PBXNativeTarget section */
		D0D8E80826EFA9B7007DF995 /* WeChat Clone */ = {
			isa = PBXNativeTarget;
			buildConfigurationList = D0D8E81D26EFA9B8007DF995 /* Build configuration list for PBXNativeTarget "WeChat Clone" */;
			buildPhases = (
				D0D8E80526EFA9B7007DF995 /* Sources */,
				D0D8E80626EFA9B7007DF995 /* Frameworks */,
				D0D8E80726EFA9B7007DF995 /* Resources */,
			);
			buildRules = (
			);
			dependencies = (
			);
			name = "WeChat Clone";
			productName = "WeChat Clone";
			productReference = D0D8E80926EFA9B7007DF995 /* WeChat Clone.app */;
			productType = "com.apple.product-type.application";
		};
/* End PBXNativeTarget section */

/* Begin PBXProject section */
		D0D8E80126EFA9B7007DF995 /* Project object */ = {
			isa = PBXProject;
			attributes = {
				LastSwiftUpdateCheck = 1250;
				LastUpgradeCheck = 1250;
				TargetAttributes = {
					D0D8E80826EFA9B7007DF995 = {
						CreatedOnToolsVersion = 12.5.1;
					};
				};
			};
			buildConfigurationList = D0D8E80426EFA9B7007DF995 /* Build configuration list for PBXProject "WeChat Clone" */;
			compatibilityVersion = "Xcode 9.3";
			developmentRegion = en;
			hasScannedForEncodings = 0;
			knownRegions = (
				en,
				Base,
			);
			mainGroup = D0D8E80026EFA9B7007DF995;
			productRefGroup = D0D8E80A26EFA9B7007DF995 /* Products */;
			projectDirPath = "";
			projectRoot = "";
			targets = (
				D0D8E80826EFA9B7007DF995 /* WeChat Clone */,
			);
		};
/* End PBXProject section */

/* Begin PBXResourcesBuildPhase section */
		D0D8E80726EFA9B7007DF995 /* Resources */ = {
			isa = PBXResourcesBuildPhase;
			buildActionMask = 2147483647;
			files = (
				D0D8E81926EFA9B8007DF995 /* LaunchScreen.storyboard in Resources */,
				D0D8E81626EFA9B8007DF995 /* Assets.xcassets in Resources */,
			);
			runOnlyForDeploymentPostprocessing = 0;
		};
/* End PBXResourcesBuildPhase section */

/* Begin PBXSourcesBuildPhase section */
		D0D8E80526EFA9B7007DF995 /* Sources */ = {
			isa = PBXSourcesBuildPhase;
			buildActionMask = 2147483647;
			files = (
				D0D8E81126EFA9B7007DF995 /* MessageViewController.swift in Sources */,
				D0C7FA6526F03E9900F021D5 /* StorageError.swift in Sources */,
				D05B7C3E26F0DB7F00A43814 /* UIViewController+Ext.swift in Sources */,
				D0C7FA6326F03E7A00F021D5 /* ImageWrapper.swift in Sources */,
				D05B7C3B26F0C57F00A43814 /* Friend+CoreDataClass.swift in Sources */,
				D0C7FA6F26F08DAD00F021D5 /* CoreDataManager.swift in Sources */,
				D05B7C3926F0C57F00A43814 /* Message+CoreDataClass.swift in Sources */,
				D0C7FA5726EFAF7700F021D5 /* MeViewController.swift in Sources */,
				D0C7FA5526EFAF6A00F021D5 /* DiscoveryViewController.swift in Sources */,
				D0C7FA6026F03D8A00F021D5 /* Message.swift in Sources */,
				D0C7FA5126EFAEC800F021D5 /* TabBarController.swift in Sources */,
				D0C7FA6D26F08D6100F021D5 /* CoreDataStack.swift in Sources */,
				D0D8E80D26EFA9B7007DF995 /* AppDelegate.swift in Sources */,
				D0C7FA5D26EFB95600F021D5 /* UIColor+Ext.swift in Sources */,
				D0C7FA6A26F0431400F021D5 /* MessageTableViewCell.swift in Sources */,
				D0C7FA6726F03EE900F021D5 /* UIImage+Ext.swift in Sources */,
				D05B7C3A26F0C57F00A43814 /* Message+CoreDataProperties.swift in Sources */,
				D0C7FA7226F0910600F021D5 /* WeChat_Clone.xcdatamodeld in Sources */,
				D05B7C3C26F0C57F00A43814 /* Friend+CoreDataProperties.swift in Sources */,
				D0D8E80F26EFA9B7007DF995 /* SceneDelegate.swift in Sources */,
				D0C7FA5326EFAF5F00F021D5 /* ContactViewController.swift in Sources */,
			);
			runOnlyForDeploymentPostprocessing = 0;
		};
/* End PBXSourcesBuildPhase section */

/* Begin PBXVariantGroup section */
		D0D8E81726EFA9B8007DF995 /* LaunchScreen.storyboard */ = {
			isa = PBXVariantGroup;
			children = (
				D0D8E81826EFA9B8007DF995 /* Base */,
			);
			name = LaunchScreen.storyboard;
			sourceTree = "<group>";
		};
/* End PBXVariantGroup section */

/* Begin XCBuildConfiguration section */
		D0D8E81B26EFA9B8007DF995 /* Debug */ = {
			isa = XCBuildConfiguration;
			buildSettings = {
				ALWAYS_SEARCH_USER_PATHS = NO;
				CLANG_ANALYZER_NONNULL = YES;
				CLANG_ANALYZER_NUMBER_OBJECT_CONVERSION = YES_AGGRESSIVE;
				CLANG_CXX_LANGUAGE_STANDARD = "gnu++14";
				CLANG_CXX_LIBRARY = "libc++";
				CLANG_ENABLE_MODULES = YES;
				CLANG_ENABLE_OBJC_ARC = YES;
				CLANG_ENABLE_OBJC_WEAK = YES;
				CLANG_WARN_BLOCK_CAPTURE_AUTORELEASING = YES;
				CLANG_WARN_BOOL_CONVERSION = YES;
				CLANG_WARN_COMMA = YES;
				CLANG_WARN_CONSTANT_CONVERSION = YES;
				CLANG_WARN_DEPRECATED_OBJC_IMPLEMENTATIONS = YES;
				CLANG_WARN_DIRECT_OBJC_ISA_USAGE = YES_ERROR;
				CLANG_WARN_DOCUMENTATION_COMMENTS = YES;
				CLANG_WARN_EMPTY_BODY = YES;
				CLANG_WARN_ENUM_CONVERSION = YES;
				CLANG_WARN_INFINITE_RECURSION = YES;
				CLANG_WARN_INT_CONVERSION = YES;
				CLANG_WARN_NON_LITERAL_NULL_CONVERSION = YES;
				CLANG_WARN_OBJC_IMPLICIT_RETAIN_SELF = YES;
				CLANG_WARN_OBJC_LITERAL_CONVERSION = YES;
				CLANG_WARN_OBJC_ROOT_CLASS = YES_ERROR;
				CLANG_WARN_QUOTED_INCLUDE_IN_FRAMEWORK_HEADER = YES;
				CLANG_WARN_RANGE_LOOP_ANALYSIS = YES;
				CLANG_WARN_STRICT_PROTOTYPES = YES;
				CLANG_WARN_SUSPICIOUS_MOVE = YES;
				CLANG_WARN_UNGUARDED_AVAILABILITY = YES_AGGRESSIVE;
				CLANG_WARN_UNREACHABLE_CODE = YES;
				CLANG_WARN__DUPLICATE_METHOD_MATCH = YES;
				COPY_PHASE_STRIP = NO;
				DEBUG_INFORMATION_FORMAT = dwarf;
				ENABLE_STRICT_OBJC_MSGSEND = YES;
				ENABLE_TESTABILITY = YES;
				GCC_C_LANGUAGE_STANDARD = gnu11;
				GCC_DYNAMIC_NO_PIC = NO;
				GCC_NO_COMMON_BLOCKS = YES;
				GCC_OPTIMIZATION_LEVEL = 0;
				GCC_PREPROCESSOR_DEFINITIONS = (
					"DEBUG=1",
					"$(inherited)",
				);
				GCC_WARN_64_TO_32_BIT_CONVERSION = YES;
				GCC_WARN_ABOUT_RETURN_TYPE = YES_ERROR;
				GCC_WARN_UNDECLARED_SELECTOR = YES;
				GCC_WARN_UNINITIALIZED_AUTOS = YES_AGGRESSIVE;
				GCC_WARN_UNUSED_FUNCTION = YES;
				GCC_WARN_UNUSED_VARIABLE = YES;
				IPHONEOS_DEPLOYMENT_TARGET = 14.5;
				MTL_ENABLE_DEBUG_INFO = INCLUDE_SOURCE;
				MTL_FAST_MATH = YES;
				ONLY_ACTIVE_ARCH = YES;
				SDKROOT = iphoneos;
				SWIFT_ACTIVE_COMPILATION_CONDITIONS = DEBUG;
				SWIFT_OPTIMIZATION_LEVEL = "-Onone";
			};
			name = Debug;
		};
		D0D8E81C26EFA9B8007DF995 /* Release */ = {
			isa = XCBuildConfiguration;
			buildSettings = {
				ALWAYS_SEARCH_USER_PATHS = NO;
				CLANG_ANALYZER_NONNULL = YES;
				CLANG_ANALYZER_NUMBER_OBJECT_CONVERSION = YES_AGGRESSIVE;
				CLANG_CXX_LANGUAGE_STANDARD = "gnu++14";
				CLANG_CXX_LIBRARY = "libc++";
				CLANG_ENABLE_MODULES = YES;
				CLANG_ENABLE_OBJC_ARC = YES;
				CLANG_ENABLE_OBJC_WEAK = YES;
				CLANG_WARN_BLOCK_CAPTURE_AUTORELEASING = YES;
				CLANG_WARN_BOOL_CONVERSION = YES;
				CLANG_WARN_COMMA = YES;
				CLANG_WARN_CONSTANT_CONVERSION = YES;
				CLANG_WARN_DEPRECATED_OBJC_IMPLEMENTATIONS = YES;
				CLANG_WARN_DIRECT_OBJC_ISA_USAGE = YES_ERROR;
				CLANG_WARN_DOCUMENTATION_COMMENTS = YES;
				CLANG_WARN_EMPTY_BODY = YES;
				CLANG_WARN_ENUM_CONVERSION = YES;
				CLANG_WARN_INFINITE_RECURSION = YES;
				CLANG_WARN_INT_CONVERSION = YES;
				CLANG_WARN_NON_LITERAL_NULL_CONVERSION = YES;
				CLANG_WARN_OBJC_IMPLICIT_RETAIN_SELF = YES;
				CLANG_WARN_OBJC_LITERAL_CONVERSION = YES;
				CLANG_WARN_OBJC_ROOT_CLASS = YES_ERROR;
				CLANG_WARN_QUOTED_INCLUDE_IN_FRAMEWORK_HEADER = YES;
				CLANG_WARN_RANGE_LOOP_ANALYSIS = YES;
				CLANG_WARN_STRICT_PROTOTYPES = YES;
				CLANG_WARN_SUSPICIOUS_MOVE = YES;
				CLANG_WARN_UNGUARDED_AVAILABILITY = YES_AGGRESSIVE;
				CLANG_WARN_UNREACHABLE_CODE = YES;
				CLANG_WARN__DUPLICATE_METHOD_MATCH = YES;
				COPY_PHASE_STRIP = NO;
				DEBUG_INFORMATION_FORMAT = "dwarf-with-dsym";
				ENABLE_NS_ASSERTIONS = NO;
				ENABLE_STRICT_OBJC_MSGSEND = YES;
				GCC_C_LANGUAGE_STANDARD = gnu11;
				GCC_NO_COMMON_BLOCKS = YES;
				GCC_WARN_64_TO_32_BIT_CONVERSION = YES;
				GCC_WARN_ABOUT_RETURN_TYPE = YES_ERROR;
				GCC_WARN_UNDECLARED_SELECTOR = YES;
				GCC_WARN_UNINITIALIZED_AUTOS = YES_AGGRESSIVE;
				GCC_WARN_UNUSED_FUNCTION = YES;
				GCC_WARN_UNUSED_VARIABLE = YES;
				IPHONEOS_DEPLOYMENT_TARGET = 14.5;
				MTL_ENABLE_DEBUG_INFO = NO;
				MTL_FAST_MATH = YES;
				SDKROOT = iphoneos;
				SWIFT_COMPILATION_MODE = wholemodule;
				SWIFT_OPTIMIZATION_LEVEL = "-O";
				VALIDATE_PRODUCT = YES;
			};
			name = Release;
		};
		D0D8E81E26EFA9B8007DF995 /* Debug */ = {
			isa = XCBuildConfiguration;
			buildSettings = {
				ASSETCATALOG_COMPILER_APPICON_NAME = AppIcon;
				ASSETCATALOG_COMPILER_GLOBAL_ACCENT_COLOR_NAME = AccentColor;
				CODE_SIGN_STYLE = Automatic;
				DEVELOPMENT_TEAM = BV97A5VZCV;
				INFOPLIST_FILE = "WeChat Clone/Supporting files/Info.plist";
				IPHONEOS_DEPLOYMENT_TARGET = 14.5;
				LD_RUNPATH_SEARCH_PATHS = (
					"$(inherited)",
					"@executable_path/Frameworks",
				);
				PRODUCT_BUNDLE_IDENTIFIER = "com.haibozhou.WeChat-Clone";
				PRODUCT_NAME = "$(TARGET_NAME)";
				SWIFT_VERSION = 5.0;
				TARGETED_DEVICE_FAMILY = "1,2";
			};
			name = Debug;
		};
		D0D8E81F26EFA9B8007DF995 /* Release */ = {
			isa = XCBuildConfiguration;
			buildSettings = {
				ASSETCATALOG_COMPILER_APPICON_NAME = AppIcon;
				ASSETCATALOG_COMPILER_GLOBAL_ACCENT_COLOR_NAME = AccentColor;
				CODE_SIGN_STYLE = Automatic;
				DEVELOPMENT_TEAM = BV97A5VZCV;
				INFOPLIST_FILE = "WeChat Clone/Supporting files/Info.plist";
				IPHONEOS_DEPLOYMENT_TARGET = 14.5;
				LD_RUNPATH_SEARCH_PATHS = (
					"$(inherited)",
					"@executable_path/Frameworks",
				);
				PRODUCT_BUNDLE_IDENTIFIER = "com.haibozhou.WeChat-Clone";
				PRODUCT_NAME = "$(TARGET_NAME)";
				SWIFT_VERSION = 5.0;
				TARGETED_DEVICE_FAMILY = "1,2";
			};
			name = Release;
		};
/* End XCBuildConfiguration section */

/* Begin XCConfigurationList section */
		D0D8E80426EFA9B7007DF995 /* Build configuration list for PBXProject "WeChat Clone" */ = {
			isa = XCConfigurationList;
			buildConfigurations = (
				D0D8E81B26EFA9B8007DF995 /* Debug */,
				D0D8E81C26EFA9B8007DF995 /* Release */,
			);
			defaultConfigurationIsVisible = 0;
			defaultConfigurationName = Release;
		};
		D0D8E81D26EFA9B8007DF995 /* Build configuration list for PBXNativeTarget "WeChat Clone" */ = {
			isa = XCConfigurationList;
			buildConfigurations = (
				D0D8E81E26EFA9B8007DF995 /* Debug */,
				D0D8E81F26EFA9B8007DF995 /* Release */,
			);
			defaultConfigurationIsVisible = 0;
			defaultConfigurationName = Release;
		};
/* End XCConfigurationList section */

/* Begin XCVersionGroup section */
		D0C7FA7026F0910600F021D5 /* WeChat_Clone.xcdatamodeld */ = {
			isa = XCVersionGroup;
			children = (
				D0C7FA7126F0910600F021D5 /* WeChat_Clone.xcdatamodel */,
			);
			currentVersion = D0C7FA7126F0910600F021D5 /* WeChat_Clone.xcdatamodel */;
			path = WeChat_Clone.xcdatamodeld;
			sourceTree = "<group>";
			versionGroupType = wrapper.xcdatamodel;
		};
/* End XCVersionGroup section */
	};
	rootObject = D0D8E80126EFA9B7007DF995 /* Project object */;
}
